Microsoft Visual Studio Solution File, Format Version 12.00
# Visual Studio Version 17
VisualStudioVersion = 17.5.2.0
MinimumVisualStudioVersion = 10.0.40219.1
Project("{FAE04EC0-301F-11D3-BF4B-00C04F79EFBC}") = "FirstApiEndPoint", "FirstApiEndPoint.csproj", "{FBF81C6F-9ADD-9E1F-79F0-5F96230046EF}"
EndProject
Global
	GlobalSection(SolutionConfigurationPlatforms) = preSolution
		Debug|Any CPU = Debug|Any CPU
		Release|Any CPU = Release|Any CPU
	EndGlobalSection
	GlobalSection(ProjectConfigurationPlatforms) = postSolution
		{FBF81C6F-9ADD-9E1F-79F0-5F96230046EF}.Debug|Any CPU.ActiveCfg = Debug|Any CPU
		{FBF81C6F-9ADD-9E1F-79F0-5F96230046EF}.Debug|Any CPU.Build.0 = Debug|Any CPU
		{FBF81C6F-9ADD-9E1F-79F0-5F96230046EF}.Release|Any CPU.ActiveCfg = Release|Any CPU
		{FBF81C6F-9ADD-9E1F-79F0-5F96230046EF}.Release|Any CPU.Build.0 = Release|Any CPU
	EndGlobalSection
	GlobalSection(SolutionProperties) = preSolution
		HideSolutionNode = FALSE
	EndGlobalSection
	GlobalSection(ExtensibilityGlobals) = postSolution
		SolutionGuid = {B5B34FF8-6A39-4D76-B713-13BFFCA6DBBC}
	EndGlobalSection
EndGlobal
